
Microsoft Visual Studio Solution File, Format Version 12.00
# Visual Studio Version 17
VisualStudioVersion = 17.12.35527.113 d17.12
MinimumVisualStudioVersion = 10.0.40219.1
Project("{FAE04EC0-301F-11D3-BF4B-00C04F79EFBC}") = "Mission10", "Mission10\Mission10.csproj", "{61292389-076F-4A0F-94C0-7B8C7AA3194F}"
EndProject
Global
	GlobalSection(SolutionConfigurationPlatforms) = preSolution
		Debug|Any CPU = Debug|Any CPU
		Release|Any CPU = Release|Any CPU
	EndGlobalSection
	GlobalSection(ProjectConfigurationPlatforms) = postSolution
		{61292389-076F-4A0F-94C0-7B8C7AA3194F}.Debug|Any CPU.ActiveCfg = Debug|Any CPU
		{61292389-076F-4A0F-94C0-7B8C7AA3194F}.Debug|Any CPU.Build.0 = Debug|Any CPU
		{61292389-076F-4A0F-94C0-7B8C7AA3194F}.Release|Any CPU.ActiveCfg = Release|Any CPU
		{61292389-076F-4A0F-94C0-7B8C7AA3194F}.Release|Any CPU.Build.0 = Release|Any CPU
	EndGlobalSection
	GlobalSection(SolutionProperties) = preSolution
		HideSolutionNode = FALSE
	EndGlobalSection
EndGlobal
